
Microsoft Visual Studio Solution File, Format Version 12.00
# Visual Studio Version 17
VisualStudioVersion = 17.14.37216.2 d17.14
MinimumVisualStudioVersion = 10.0.40219.1
Project("{FAE04EC0-301F-11D3-BF4B-00C04F79EFBC}") = "ExcelCANDIDAT", "ExcelCANDIDAT\ExcelCANDIDAT.csproj", "{A5C9CB94-217B-43AD-92D2-11030A6567CD}"
EndProject
Global
	GlobalSection(SolutionConfigurationPlatforms) = preSolution
		Debug|Any CPU = Debug|Any CPU
		Release|Any CPU = Release|Any CPU
	EndGlobalSection
	GlobalSection(ProjectConfigurationPlatforms) = postSolution
		{A5C9CB94-217B-43AD-92D2-11030A6567CD}.Debug|Any CPU.ActiveCfg = Debug|Any CPU
		{A5C9CB94-217B-43AD-92D2-11030A6567CD}.Debug|Any CPU.Build.0 = Debug|Any CPU
		{A5C9CB94-217B-43AD-92D2-11030A6567CD}.Release|Any CPU.ActiveCfg = Release|Any CPU
		{A5C9CB94-217B-43AD-92D2-11030A6567CD}.Release|Any CPU.Build.0 = Release|Any CPU
	EndGlobalSection
	GlobalSection(SolutionProperties) = preSolution
		HideSolutionNode = FALSE
	EndGlobalSection
	GlobalSection(ExtensibilityGlobals) = postSolution
		SolutionGuid = {4A981338-309C-4FF0-9052-FC3E2F3F9102}
	EndGlobalSection
EndGlobal
